
Microsoft Visual Studio Solution File, Format Version 12.00
# Visual Studio Version 16
VisualStudioVersion = 16.0.30320.27
MinimumVisualStudioVersion = 10.0.40219.1
Project("{FAE04EC0-301F-11D3-BF4B-00C04F79EFBC}") = "newProg", "newProg\newProg.csproj", "{628B262E-0B6D-46CF-A5A0-E4F6C5754EBD}"
EndProject
Global
	GlobalSection(SolutionConfigurationPlatforms) = preSolution
		Debug|Any CPU = Debug|Any CPU
		Release|Any CPU = Release|Any CPU
	EndGlobalSection
	GlobalSection(ProjectConfigurationPlatforms) = postSolution
		{628B262E-0B6D-46CF-A5A0-E4F6C5754EBD}.Debug|Any CPU.ActiveCfg = Debug|Any CPU
		{628B262E-0B6D-46CF-A5A0-E4F6C5754EBD}.Debug|Any CPU.Build.0 = Debug|Any CPU
		{628B262E-0B6D-46CF-A5A0-E4F6C5754EBD}.Release|Any CPU.ActiveCfg = Release|Any CPU
		{628B262E-0B6D-46CF-A5A0-E4F6C5754EBD}.Release|Any CPU.Build.0 = Release|Any CPU
	EndGlobalSection
	GlobalSection(SolutionProperties) = preSolution
		HideSolutionNode = FALSE
	EndGlobalSection
	GlobalSection(ExtensibilityGlobals) = postSolution
		SolutionGuid = {A0321722-5A2B-42CE-84ED-06C3D9628968}
	EndGlobalSection
EndGlobal
